// !$*UTF8*$!
{
	archiveVersion = 1;
	classes = {
	};
	objectVersion = 77;
	objects = {

/* Begin PBXBuildFile section */
		XX1A9ED2B6B3A2574FC27EXX /* NafsShieldConfiguration.appex in Embed Foundation Extensions */ = {isa = PBXBuildFile; fileRef = XX9BEF4376F3C350436358XX /* NafsShieldConfiguration.appex */; settings = {ATTRIBUTES = (RemoveHeadersOnCopy, ); }; };
		XX298127CFBB2CF3FA631BXX /* RevenueCat in Frameworks */ = {isa = PBXBuildFile; productRef = XXDCC169DE7B2F3C1C8B10XX /* RevenueCat */; };
		XX2BDB140688F171249C20XX /* Adhan in Frameworks */ = {isa = PBXBuildFile; productRef = XX129F0BB64B8AEA702EFBXX /* Adhan */; };
		XX43420FC0E70BA8CBE18CXX /* NafsShieldAction.appex in Embed Foundation Extensions */ = {isa = PBXBuildFile; fileRef = XXADE107D4800035C4D4F8XX /* NafsShieldAction.appex */; settings = {ATTRIBUTES = (RemoveHeadersOnCopy, ); }; };
		XXAM0000000000000001XX /* NafsActivityMonitor.appex in Embed Foundation Extensions */ = {isa = PBXBuildFile; fileRef = XXAM0000000000000002XX /* NafsActivityMonitor.appex */; settings = {ATTRIBUTES = (RemoveHeadersOnCopy, ); }; };
		XXB2FC7220C9EE581C1C2DXX /* NafsWidgets.appex in Embed Foundation Extensions */ = {isa = PBXBuildFile; fileRef = XX03E805AA0CDD1D507A35XX /* NafsWidgets.appex */; settings = {ATTRIBUTES = (RemoveHeadersOnCopy, ); }; };
/* End PBXBuildFile section */

/* Begin PBXContainerItemProxy section */
		105FC58A2E9EAD3200EA8BCF /* PBXContainerItemProxy */ = {
			isa = PBXContainerItemProxy;
			containerPortal = 105FC5722E9EAD3100EA8BCF /* Project object */;
			proxyType = 1;
			remoteGlobalIDString = 105FC5792E9EAD3100EA8BCF;
			remoteInfo = Nafs;
		};
		105FC5942E9EAD3200EA8BCF /* PBXContainerItemProxy */ = {
			isa = PBXContainerItemProxy;
			containerPortal = 105FC5722E9EAD3100EA8BCF /* Project object */;
			proxyType = 1;
			remoteGlobalIDString = 105FC5792E9EAD3100EA8BCF;
			remoteInfo = Nafs;
		};
		XX79BBE7713FC226CDF43EXX /* PBXContainerItemProxy */ = {
			isa = PBXContainerItemProxy;
			containerPortal = 105FC5722E9EAD3100EA8BCF /* Project object */;
			proxyType = 1;
			remoteGlobalIDString = XX93694E6B5C3D222F4031XX;
			remoteInfo = NafsWidgets;
		};
		XX926EB7361D3FEB9CC803XX /* PBXContainerItemProxy */ = {
			isa = PBXContainerItemProxy;
			containerPortal = 105FC5722E9EAD3100EA8BCF /* Project object */;
			proxyType = 1;
			remoteGlobalIDString = XX4987CDBF0F61DADEF658XX;
			remoteInfo = NafsShieldAction;
		};
		XXAM0000000000000003XX /* PBXContainerItemProxy */ = {
			isa = PBXContainerItemProxy;
			containerPortal = 105FC5722E9EAD3100EA8BCF /* Project object */;
			proxyType = 1;
			remoteGlobalIDString = XXAM0000000000000010XX;
			remoteInfo = NafsActivityMonitor;
		};
		XXCBC109BBB9FB7775A703XX /* PBXContainerItemProxy */ = {
			isa = PBXContainerItemProxy;
			containerPortal = 105FC5722E9EAD3100EA8BCF /* Project object */;
			proxyType = 1;
			remoteGlobalIDString = XXAC82BF717CD6E85CCDE1XX;
			remoteInfo = NafsShieldConfiguration;
		};
/* End PBXContainerItemProxy section */

/* Begin PBXCopyFilesBuildPhase section */
		XX6491A7735BC2DB9F9FB4XX /* Embed Foundation Extensions */ = {
			isa = PBXCopyFilesBuildPhase;
			buildActionMask = 2147483647;
			dstPath = "";
			dstSubfolderSpec = 13;
			files = (
				XXB2FC7220C9EE581C1C2DXX /* NafsWidgets.appex in Embed Foundation Extensions */,
			);
			name = "Embed Foundation Extensions";
			runOnlyForDeploymentPostprocessing = 0;
		};
		XXA6CFA2AA4E13CA45BC7FXX /* Embed Foundation Extensions */ = {
			isa = PBXCopyFilesBuildPhase;
			buildActionMask = 2147483647;
			dstPath = "";
			dstSubfolderSpec = 13;
			files = (
				XX1A9ED2B6B3A2574FC27EXX /* NafsShieldConfiguration.appex in Embed Foundation Extensions */,
			);
			name = "Embed Foundation Extensions";
			runOnlyForDeploymentPostprocessing = 0;
		};
		XXAM0000000000000004XX /* Embed Foundation Extensions */ = {
			isa = PBXCopyFilesBuildPhase;
			buildActionMask = 2147483647;
			dstPath = "";
			dstSubfolderSpec = 13;
			files = (
				XXAM0000000000000001XX /* NafsActivityMonitor.appex in Embed Foundation Extensions */,
			);
			name = "Embed Foundation Extensions";
			runOnlyForDeploymentPostprocessing = 0;
		};
		XXCC0E8C1E44A37235749CXX /* Embed Foundation Extensions */ = {
			isa = PBXCopyFilesBuildPhase;
			buildActionMask = 2147483647;
			dstPath = "";
			dstSubfolderSpec = 13;
			files = (
				XX43420FC0E70BA8CBE18CXX /* NafsShieldAction.appex in Embed Foundation Extensions */,
			);
			name = "Embed Foundation Extensions";
			runOnlyForDeploymentPostprocessing = 0;
		};
		XXFE1349578C1FAB2451AEXX /* Embed Foundation Extensions */ = {
			isa = PBXCopyFilesBuildPhase;
			buildActionMask = 2147483647;
			dstPath = "";
			dstSubfolderSpec = 13;
			files = (
			);
			name = "Embed Foundation Extensions";
			runOnlyForDeploymentPostprocessing = 0;
		};
/* End PBXCopyFilesBuildPhase section */

/* Begin PBXFileReference section */
		105FC57A2E9EAD3100EA8BCF /* Nafs.app */ = {isa = PBXFileReference; explicitFileType = wrapper.application; includeInIndex = 0; path = Nafs.app; sourceTree = BUILT_PRODUCTS_DIR; };
		105FC5892E9EAD3200EA8BCF /* NafsTests.xctest */ = {isa = PBXFileReference; explicitFileType = wrapper.cfbundle; includeInIndex = 0; path = NafsTests.xctest; sourceTree = BUILT_PRODUCTS_DIR; };
		105FC5932E9EAD3200EA8BCF /* NafsUITests.xctest */ = {isa = PBXFileReference; explicitFileType = wrapper.cfbundle; includeInIndex = 0; path = NafsUITests.xctest; sourceTree = BUILT_PRODUCTS_DIR; };
		XX03E805AA0CDD1D507A35XX /* NafsWidgets.appex */ = {isa = PBXFileReference; explicitFileType = "wrapper.app-extension"; includeInIndex = 0; path = NafsWidgets.appex; sourceTree = BUILT_PRODUCTS_DIR; };
		XX9BEF4376F3C350436358XX /* NafsShieldConfiguration.appex */ = {isa = PBXFileReference; explicitFileType = "wrapper.app-extension"; includeInIndex = 0; path = NafsShieldConfiguration.appex; sourceTree = BUILT_PRODUCTS_DIR; };
		XXADE107D4800035C4D4F8XX /* NafsShieldAction.appex */ = {isa = PBXFileReference; explicitFileType = "wrapper.app-extension"; includeInIndex = 0; path = NafsShieldAction.appex; sourceTree = BUILT_PRODUCTS_DIR; };
		XXAM0000000000000002XX /* NafsActivityMonitor.appex */ = {isa = PBXFileReference; explicitFileType = "wrapper.app-extension"; includeInIndex = 0; path = NafsActivityMonitor.appex; sourceTree = BUILT_PRODUCTS_DIR; };
/* End PBXFileReference section */

/* Begin PBXFileSystemSynchronizedBuildFileExceptionSet section */
		XX027B80FD031ECB730D57XX /* PBXFileSystemSynchronizedBuildFileExceptionSet */ = {
			isa = PBXFileSystemSynchronizedBuildFileExceptionSet;
			membershipExceptions = (
				Info.plist,
			);
			target = XXAC82BF717CD6E85CCDE1XX /* NafsShieldConfiguration */;
		};
		XX055D90F5DD447D969DA6XX /* PBXFileSystemSynchronizedBuildFileExceptionSet */ = {
			isa = PBXFileSystemSynchronizedBuildFileExceptionSet;
			membershipExceptions = (
				Info.plist,
			);
			target = XX93694E6B5C3D222F4031XX /* NafsWidgets */;
		};
		XX35B51CEE1DF1C8A54A1FXX /* PBXFileSystemSynchronizedBuildFileExceptionSet */ = {
			isa = PBXFileSystemSynchronizedBuildFileExceptionSet;
			membershipExceptions = (
				Info.plist,
			);
			target = XX4987CDBF0F61DADEF658XX /* NafsShieldAction */;
		};
		XXAM0000000000000005XX /* PBXFileSystemSynchronizedBuildFileExceptionSet */ = {
			isa = PBXFileSystemSynchronizedBuildFileExceptionSet;
			membershipExceptions = (
				Info.plist,
			);
			target = XXAM0000000000000010XX /* NafsActivityMonitor */;
		};
/* End PBXFileSystemSynchronizedBuildFileExceptionSet section */

/* Begin PBXFileSystemSynchronizedRootGroup section */
		105FC57C2E9EAD3100EA8BCF /* Nafs */ = {
			isa = PBXFileSystemSynchronizedRootGroup;
			path = Nafs;
			sourceTree = "<group>";
		};
		105FC58C2E9EAD3200EA8BCF /* NafsTests */ = {
			isa = PBXFileSystemSynchronizedRootGroup;
			path = NafsTests;
			sourceTree = "<group>";
		};
		105FC5962E9EAD3200EA8BCF /* NafsUITests */ = {
			isa = PBXFileSystemSynchronizedRootGroup;
			path = NafsUITests;
			sourceTree = "<group>";
		};
		XX3050C1A1D4E72775A60DXX /* NafsShieldAction */ = {
			isa = PBXFileSystemSynchronizedRootGroup;
			path = NafsShieldAction;
			sourceTree = "<group>";
			exceptions = (
				XX35B51CEE1DF1C8A54A1FXX /* PBXFileSystemSynchronizedBuildFileExceptionSet */,
			);
		};
		XX555261173D223D92378BXX /* NafsWidgets */ = {
			isa = PBXFileSystemSynchronizedRootGroup;
			path = NafsWidgets;
			sourceTree = "<group>";
			exceptions = (
				XX055D90F5DD447D969DA6XX /* PBXFileSystemSynchronizedBuildFileExceptionSet */,
			);
		};
		XXAM0000000000000006XX /* NafsActivityMonitor */ = {
			isa = PBXFileSystemSynchronizedRootGroup;
			path = NafsActivityMonitor;
			sourceTree = "<group>";
			exceptions = (
				XXAM0000000000000005XX /* PBXFileSystemSynchronizedBuildFileExceptionSet */,
			);
		};
/* End PBXFileSystemSynchronizedRootGroup section */

/* Begin PBXFrameworksBuildPhase section */
		105FC5772E9EAD3100EA8BCF /* Frameworks */ = {
			isa = PBXFrameworksBuildPhase;
			buildActionMask = 2147483647;
			files = (
				XX298127CFBB2CF3FA631BXX /* RevenueCat in Frameworks */,
				XX2BDB140688F171249C20XX /* Adhan in Frameworks */,
			);
			runOnlyForDeploymentPostprocessing = 0;
		};
		105FC5862E9EAD3200EA8BCF /* Frameworks */ = {
			isa = PBXFrameworksBuildPhase;
			buildActionMask = 2147483647;
			files = (
			);
			runOnlyForDeploymentPostprocessing = 0;
		};
		105FC5902E9EAD3200EA8BCF /* Frameworks */ = {
			isa = PBXFrameworksBuildPhase;
			buildActionMask = 2147483647;
			files = (
			);
			runOnlyForDeploymentPostprocessing = 0;
		};
		XX1B5407B975D1B61D90BFXX /* Frameworks */ = {
			isa = PBXFrameworksBuildPhase;
			buildActionMask = 2147483647;
			files = (
			);
			runOnlyForDeploymentPostprocessing = 0;
		};
		XX28A9A27FCA465D91AA27XX /* Frameworks */ = {
			isa = PBXFrameworksBuildPhase;
			buildActionMask = 2147483647;
			files = (
			);
			runOnlyForDeploymentPostprocessing = 0;
		};
		XX75B8358D2242CEB782C5XX /* Frameworks */ = {
			isa = PBXFrameworksBuildPhase;
			buildActionMask = 2147483647;
			files = (
			);
			runOnlyForDeploymentPostprocessing = 0;
		};
		XXAM0000000000000007XX /* Frameworks */ = {
			isa = PBXFrameworksBuildPhase;
			buildActionMask = 2147483647;
			files = (
			);
			runOnlyForDeploymentPostprocessing = 0;
		};
/* End PBXFrameworksBuildPhase section */

/* Begin PBXFileSystemSynchronizedRootGroup section */
		XXC8C968F95431292A6EBDXX /* NafsShieldConfiguration */ = {
			isa = PBXFileSystemSynchronizedRootGroup;
			path = NafsShieldConfiguration;
			sourceTree = "<group>";
			exceptions = (
				XX027B80FD031ECB730D57XX /* PBXFileSystemSynchronizedBuildFileExceptionSet */,
			);
		};
/* End PBXFileSystemSynchronizedRootGroup section */

/* Begin PBXGroup section */
		105FC5712E9EAD3100EA8BCF = {
			isa = PBXGroup;
			children = (
				105FC57C2E9EAD3100EA8BCF /* Nafs */,
				105FC58C2E9EAD3200EA8BCF /* NafsTests */,
				105FC5962E9EAD3200EA8BCF /* NafsUITests */,
				105FC57B2E9EAD3100EA8BCF /* Products */,
				XXC8C968F95431292A6EBDXX /* NafsShieldConfiguration */,
				XX3050C1A1D4E72775A60DXX /* NafsShieldAction */,
				XXAM0000000000000006XX /* NafsActivityMonitor */,
				XX555261173D223D92378BXX /* NafsWidgets */,
			);
			sourceTree = "<group>";
		};
		105FC57B2E9EAD3100EA8BCF /* Products */ = {
			isa = PBXGroup;
			children = (
				105FC57A2E9EAD3100EA8BCF /* Nafs.app */,
				105FC5892E9EAD3200EA8BCF /* NafsTests.xctest */,
				105FC5932E9EAD3200EA8BCF /* NafsUITests.xctest */,
				XX9BEF4376F3C350436358XX /* NafsShieldConfiguration.appex */,
				XXADE107D4800035C4D4F8XX /* NafsShieldAction.appex */,
				XXAM0000000000000002XX /* NafsActivityMonitor.appex */,
				XX03E805AA0CDD1D507A35XX /* NafsWidgets.appex */,
			);
			name = Products;
			sourceTree = "<group>";
		};
/* End PBXGroup section */

/* Begin PBXNativeTarget section */
		105FC5792E9EAD3100EA8BCF /* Nafs */ = {
			isa = PBXNativeTarget;
			buildConfigurationList = 105FC59D2E9EAD3200EA8BCF /* Build configuration list for PBXNativeTarget "Nafs" */;
			buildPhases = (
				105FC5762E9EAD3100EA8BCF /* Sources */,
				105FC5772E9EAD3100EA8BCF /* Frameworks */,
				105FC5782E9EAD3100EA8BCF /* Resources */,
				XXFE1349578C1FAB2451AEXX /* Embed Foundation Extensions */,
				XXA6CFA2AA4E13CA45BC7FXX /* Embed Foundation Extensions */,
				XXCC0E8C1E44A37235749CXX /* Embed Foundation Extensions */,
				XXAM0000000000000004XX /* Embed Foundation Extensions */,
				XX6491A7735BC2DB9F9FB4XX /* Embed Foundation Extensions */,
			);
			buildRules = (
			);
			dependencies = (
				XX2E9D3C51EB6A7E1BF532XX /* PBXTargetDependency */,
				XX7F9E7E893C9ED2458EAAXX /* PBXTargetDependency */,
				XXAM0000000000000008XX /* PBXTargetDependency */,
				XX48EB44797F32285F52AAXX /* PBXTargetDependency */,
			);
			fileSystemSynchronizedGroups = (
				105FC57C2E9EAD3100EA8BCF /* Nafs */,
			);
			name = Nafs;
			packageProductDependencies = (
				XXDCC169DE7B2F3C1C8B10XX /* RevenueCat */,
				XX129F0BB64B8AEA702EFBXX /* Adhan */,
			);
			productName = Nafs;
			productReference = 105FC57A2E9EAD3100EA8BCF /* Nafs.app */;
			productType = "com.apple.product-type.application";
		};
		105FC5882E9EAD3200EA8BCF /* NafsTests */ = {
			isa = PBXNativeTarget;
			buildConfigurationList = 105FC5A02E9EAD3200EA8BCF /* Build configuration list for PBXNativeTarget "NafsTests" */;
			buildPhases = (
				105FC5852E9EAD3200EA8BCF /* Sources */,
				105FC5862E9EAD3200EA8BCF /* Frameworks */,
				105FC5872E9EAD3200EA8BCF /* Resources */,
			);
			buildRules = (
			);
			dependencies = (
				105FC58B2E9EAD3200EA8BCF /* PBXTargetDependency */,
			);
			fileSystemSynchronizedGroups = (
				105FC58C2E9EAD3200EA8BCF /* NafsTests */,
			);
			name = NafsTests;
			packageProductDependencies = (
			);
			productName = NafsTests;
			productReference = 105FC5892E9EAD3200EA8BCF /* NafsTests.xctest */;
			productType = "com.apple.product-type.bundle.unit-test";
		};
		105FC5922E9EAD3200EA8BCF /* NafsUITests */ = {
			isa = PBXNativeTarget;
			buildConfigurationList = 105FC5A32E9EAD3200EA8BCF /* Build configuration list for PBXNativeTarget "NafsUITests" */;
			buildPhases = (
				105FC58F2E9EAD3200EA8BCF /* Sources */,
				105FC5902E9EAD3200EA8BCF /* Frameworks */,
				105FC5912E9EAD3200EA8BCF /* Resources */,
			);
			buildRules = (
			);
			dependencies = (
				105FC5952E9EAD3200EA8BCF /* PBXTargetDependency */,
			);
			fileSystemSynchronizedGroups = (
				105FC5962E9EAD3200EA8BCF /* NafsUITests */,
			);
			name = NafsUITests;
			packageProductDependencies = (
			);
			productName = NafsUITests;
			productReference = 105FC5932E9EAD3200EA8BCF /* NafsUITests.xctest */;
			productType = "com.apple.product-type.bundle.ui-testing";
		};
		XX4987CDBF0F61DADEF658XX /* NafsShieldAction */ = {
			isa = PBXNativeTarget;
			buildConfigurationList = XX8314207E90E64ED47350XX /* Build configuration list for PBXNativeTarget "NafsShieldAction" */;
			buildPhases = (
				XX178B45C53EB340DB4155XX /* Sources */,
				XX28A9A27FCA465D91AA27XX /* Frameworks */,
				XX4FEB6E8356710642DD83XX /* Resources */,
			);
			buildRules = (
			);
			dependencies = (
			);
			name = NafsShieldAction;
			productName = NafsShieldAction;
			productReference = XXADE107D4800035C4D4F8XX /* NafsShieldAction.appex */;
			productType = "com.apple.product-type.app-extension";
			fileSystemSynchronizedGroups = (
				XX3050C1A1D4E72775A60DXX /* NafsShieldAction */,
			);
		};
		XX93694E6B5C3D222F4031XX /* NafsWidgets */ = {
			isa = PBXNativeTarget;
			buildConfigurationList = XX2271C90D102575CDACFEXX /* Build configuration list for PBXNativeTarget "NafsWidgets" */;
			buildPhases = (
				XX53451F667492B3B3A328XX /* Sources */,
				XX1B5407B975D1B61D90BFXX /* Frameworks */,
				XX88040D315CA0BB935EC0XX /* Resources */,
			);
			buildRules = (
			);
			dependencies = (
			);
			name = NafsWidgets;
			productName = NafsWidgets;
			productReference = XX03E805AA0CDD1D507A35XX /* NafsWidgets.appex */;
			productType = "com.apple.product-type.app-extension";
			fileSystemSynchronizedGroups = (
				XX555261173D223D92378BXX /* NafsWidgets */,
			);
		};
		XXAC82BF717CD6E85CCDE1XX /* NafsShieldConfiguration */ = {
			isa = PBXNativeTarget;
			buildConfigurationList = XX05AF3E616724D152FC0FXX /* Build configuration list for PBXNativeTarget "NafsShieldConfiguration" */;
			buildPhases = (
				XXE0FD6AFA7551401BFCEBXX /* Sources */,
				XX75B8358D2242CEB782C5XX /* Frameworks */,
				XX8DEE49FEB104205DDA8DXX /* Resources */,
			);
			buildRules = (
			);
			dependencies = (
			);
			name = NafsShieldConfiguration;
			productName = NafsShieldConfiguration;
			productReference = XX9BEF4376F3C350436358XX /* NafsShieldConfiguration.appex */;
			productType = "com.apple.product-type.app-extension";
			fileSystemSynchronizedGroups = (
				XXC8C968F95431292A6EBDXX /* NafsShieldConfiguration */,
			);
		};
		XXAM0000000000000010XX /* NafsActivityMonitor */ = {
			isa = PBXNativeTarget;
			buildConfigurationList = XXAM0000000000000011XX /* Build configuration list for PBXNativeTarget "NafsActivityMonitor" */;
			buildPhases = (
				XXAM0000000000000014XX /* Sources */,
				XXAM0000000000000007XX /* Frameworks */,
				XXAM0000000000000015XX /* Resources */,
			);
			buildRules = (
			);
			dependencies = (
			);
			name = NafsActivityMonitor;
			productName = NafsActivityMonitor;
			productReference = XXAM0000000000000002XX /* NafsActivityMonitor.appex */;
			productType = "com.apple.product-type.app-extension";
			fileSystemSynchronizedGroups = (
				XXAM0000000000000006XX /* NafsActivityMonitor */,
			);
		};
/* End PBXNativeTarget section */

/* Begin PBXProject section */
		105FC5722E9EAD3100EA8BCF /* Project object */ = {
			isa = PBXProject;
			attributes = {
				BuildIndependentTargetsInParallel = 1;
				LastSwiftUpdateCheck = 2600;
				LastUpgradeCheck = 2600;
				TargetAttributes = {
					105FC5792E9EAD3100EA8BCF = {
						CreatedOnToolsVersion = 26.0;
					};
					105FC5882E9EAD3200EA8BCF = {
						CreatedOnToolsVersion = 26.0;
						TestTargetID = 105FC5792E9EAD3100EA8BCF;
					};
					105FC5922E9EAD3200EA8BCF = {
						CreatedOnToolsVersion = 26.0;
						TestTargetID = 105FC5792E9EAD3100EA8BCF;
					};
				};
			};
			buildConfigurationList = 105FC5752E9EAD3100EA8BCF /* Build configuration list for PBXProject "Nafs" */;
			compatibilityVersion = "Xcode 3.2";
			developmentRegion = en;
			hasScannedForEncodings = 0;
			knownRegions = (
				en,
				Base,
			);
			mainGroup = 105FC5712E9EAD3100EA8BCF;
			minimizedProjectReferenceProxies = 1;
			packageReferences = (
				XX4AC81916604C4344ADC0XX /* XCRemoteSwiftPackageReference "purchases-ios-spm" */,
				XX2501D0111A0CC960D1BAXX /* XCRemoteSwiftPackageReference "adhan-swift" */,
			);
			preferredProjectObjectVersion = 77;
			productRefGroup = 105FC57B2E9EAD3100EA8BCF /* Products */;
			projectDirPath = "";
			projectRoot = "";
			targets = (
				105FC5792E9EAD3100EA8BCF /* Nafs */,
				105FC5882E9EAD3200EA8BCF /* NafsTests */,
				105FC5922E9EAD3200EA8BCF /* NafsUITests */,
				XXAC82BF717CD6E85CCDE1XX /* NafsShieldConfiguration */,
				XX4987CDBF0F61DADEF658XX /* NafsShieldAction */,
				XXAM0000000000000010XX /* NafsActivityMonitor */,
				XX93694E6B5C3D222F4031XX /* NafsWidgets */,
			);
		};
/* End PBXProject section */

/* Begin PBXResourcesBuildPhase section */
		105FC5782E9EAD3100EA8BCF /* Resources */ = {
			isa = PBXResourcesBuildPhase;
			buildActionMask = 2147483647;
			files = (
			);
			runOnlyForDeploymentPostprocessing = 0;
		};
		105FC5872E9EAD3200EA8BCF /* Resources */ = {
			isa = PBXResourcesBuildPhase;
			buildActionMask = 2147483647;
			files = (
			);
			runOnlyForDeploymentPostprocessing = 0;
		};
		105FC5912E9EAD3200EA8BCF /* Resources */ = {
			isa = PBXResourcesBuildPhase;
			buildActionMask = 2147483647;
			files = (
			);
			runOnlyForDeploymentPostprocessing = 0;
		};
		XX4FEB6E8356710642DD83XX /* Resources */ = {
			isa = PBXResourcesBuildPhase;
			buildActionMask = 2147483647;
			files = (
			);
			runOnlyForDeploymentPostprocessing = 0;
		};
		XX88040D315CA0BB935EC0XX /* Resources */ = {
			isa = PBXResourcesBuildPhase;
			buildActionMask = 2147483647;
			files = (
			);
			runOnlyForDeploymentPostprocessing = 0;
		};
		XX8DEE49FEB104205DDA8DXX /* Resources */ = {
			isa = PBXResourcesBuildPhase;
			buildActionMask = 2147483647;
			files = (
			);
			runOnlyForDeploymentPostprocessing = 0;
		};
		XXAM0000000000000015XX /* Resources */ = {
			isa = PBXResourcesBuildPhase;
			buildActionMask = 2147483647;
			files = (
			);
			runOnlyForDeploymentPostprocessing = 0;
		};
/* End PBXResourcesBuildPhase section */

/* Begin PBXSourcesBuildPhase section */
		105FC5762E9EAD3100EA8BCF /* Sources */ = {
			isa = PBXSourcesBuildPhase;
			buildActionMask = 2147483647;
			files = (
			);
			runOnlyForDeploymentPostprocessing = 0;
		};
		105FC5852E9EAD3200EA8BCF /* Sources */ = {
			isa = PBXSourcesBuildPhase;
			buildActionMask = 2147483647;
			files = (
			);
			runOnlyForDeploymentPostprocessing = 0;
		};
		105FC58F2E9EAD3200EA8BCF /* Sources */ = {
			isa = PBXSourcesBuildPhase;
			buildActionMask = 2147483647;
			files = (
			);
			runOnlyForDeploymentPostprocessing = 0;
		};
		XX178B45C53EB340DB4155XX /* Sources */ = {
			isa = PBXSourcesBuildPhase;
			buildActionMask = 2147483647;
			files = (
			);
			runOnlyForDeploymentPostprocessing = 0;
		};
		XX53451F667492B3B3A328XX /* Sources */ = {
			isa = PBXSourcesBuildPhase;
			buildActionMask = 2147483647;
			files = (
			);
			runOnlyForDeploymentPostprocessing = 0;
		};
		XXAM0000000000000014XX /* Sources */ = {
			isa = PBXSourcesBuildPhase;
			buildActionMask = 2147483647;
			files = (
			);
			runOnlyForDeploymentPostprocessing = 0;
		};
		XXE0FD6AFA7551401BFCEBXX /* Sources */ = {
			isa = PBXSourcesBuildPhase;
			buildActionMask = 2147483647;
			files = (
			);
			runOnlyForDeploymentPostprocessing = 0;
		};
/* End PBXSourcesBuildPhase section */

/* Begin PBXTargetDependency section */
		105FC58B2E9EAD3200EA8BCF /* PBXTargetDependency */ = {
			isa = PBXTargetDependency;
			target = 105FC5792E9EAD3100EA8BCF /* Nafs */;
			targetProxy = 105FC58A2E9EAD3200EA8BCF /* PBXContainerItemProxy */;
		};
		105FC5952E9EAD3200EA8BCF /* PBXTargetDependency */ = {
			isa = PBXTargetDependency;
			target = 105FC5792E9EAD3100EA8BCF /* Nafs */;
			targetProxy = 105FC5942E9EAD3200EA8BCF /* PBXContainerItemProxy */;
		};
		XX2E9D3C51EB6A7E1BF532XX /* PBXTargetDependency */ = {
			isa = PBXTargetDependency;
			target = XXAC82BF717CD6E85CCDE1XX /* NafsShieldConfiguration */;
			targetProxy = XXCBC109BBB9FB7775A703XX /* PBXContainerItemProxy */;
		};
		XX48EB44797F32285F52AAXX /* PBXTargetDependency */ = {
			isa = PBXTargetDependency;
			target = XX93694E6B5C3D222F4031XX /* NafsWidgets */;
			targetProxy = XX79BBE7713FC226CDF43EXX /* PBXContainerItemProxy */;
		};
		XX7F9E7E893C9ED2458EAAXX /* PBXTargetDependency */ = {
			isa = PBXTargetDependency;
			target = XX4987CDBF0F61DADEF658XX /* NafsShieldAction */;
			targetProxy = XX926EB7361D3FEB9CC803XX /* PBXContainerItemProxy */;
		};
		XXAM0000000000000008XX /* PBXTargetDependency */ = {
			isa = PBXTargetDependency;
			target = XXAM0000000000000010XX /* NafsActivityMonitor */;
			targetProxy = XXAM0000000000000003XX /* PBXContainerItemProxy */;
		};
/* End PBXTargetDependency section */

/* Begin XCBuildConfiguration section */
		105FC59B2E9EAD3200EA8BCF /* Debug */ = {
			isa = XCBuildConfiguration;
			buildSettings = {
				ALWAYS_SEARCH_USER_PATHS = NO;
				ASSETCATALOG_COMPILER_GENERATE_SWIFT_ASSET_SYMBOL_EXTENSIONS = YES;
				CLANG_ANALYZER_NONNULL = YES;
				CLANG_ANALYZER_NUMBER_OBJECT_CONVERSION = YES_AGGRESSIVE;
				CLANG_CXX_LANGUAGE_STANDARD = "gnu++20";
				CLANG_ENABLE_MODULES = YES;
				CLANG_ENABLE_OBJC_ARC = YES;
				CLANG_ENABLE_OBJC_WEAK = YES;
				CLANG_WARN_BLOCK_CAPTURE_AUTORELEASING = YES;
				CLANG_WARN_BOOL_CONVERSION = YES;
				CLANG_WARN_COMMA = YES;
				CLANG_WARN_CONSTANT_CONVERSION = YES;
				CLANG_WARN_DEPRECATED_OBJC_IMPLEMENTATIONS = YES;
				CLANG_WARN_DIRECT_OBJC_ISA_USAGE = YES_ERROR;
				CLANG_WARN_DOCUMENTATION_COMMENTS = YES;
				CLANG_WARN_EMPTY_BODY = YES;
				CLANG_WARN_ENUM_CONVERSION = YES;
				CLANG_WARN_INFINITE_RECURSION = YES;
				CLANG_WARN_INT_CONVERSION = YES;
				CLANG_WARN_NON_LITERAL_NULL_CONVERSION = YES;
				CLANG_WARN_OBJC_IMPLICIT_RETAIN_SELF = YES;
				CLANG_WARN_OBJC_LITERAL_CONVERSION = YES;
				CLANG_WARN_OBJC_ROOT_CLASS = YES_ERROR;
				CLANG_WARN_QUOTED_INCLUDE_IN_FRAMEWORK_HEADER = YES;
				CLANG_WARN_RANGE_LOOP_ANALYSIS = YES;
				CLANG_WARN_STRICT_PROTOTYPES = YES;
				CLANG_WARN_SUSPICIOUS_MOVE = YES;
				CLANG_WARN_UNGUARDED_AVAILABILITY = YES_AGGRESSIVE;
				CLANG_WARN_UNREACHABLE_CODE = YES;
				CLANG_WARN__DUPLICATE_METHOD_MATCH = YES;
				COPY_PHASE_STRIP = NO;
				DEBUG_INFORMATION_FORMAT = dwarf;
				DEVELOPMENT_TEAM = "";
				ENABLE_STRICT_OBJC_MSGSEND = YES;
				ENABLE_TESTABILITY = YES;
				ENABLE_USER_SCRIPT_SANDBOXING = YES;
				GCC_C_LANGUAGE_STANDARD = gnu17;
				GCC_DYNAMIC_NO_PIC = NO;
				GCC_NO_COMMON_BLOCKS = YES;
				GCC_OPTIMIZATION_LEVEL = 0;
				GCC_PREPROCESSOR_DEFINITIONS = (
					"DEBUG=1",
					"$(inherited)",
				);
				GCC_WARN_64_TO_32_BIT_CONVERSION = YES;
				GCC_WARN_ABOUT_RETURN_TYPE = YES_ERROR;
				GCC_WARN_UNDECLARED_SELECTOR = YES;
				GCC_WARN_UNINITIALIZED_AUTOS = YES_AGGRESSIVE;
				GCC_WARN_UNUSED_FUNCTION = YES;
				GCC_WARN_UNUSED_VARIABLE = YES;
				IPHONEOS_DEPLOYMENT_TARGET = 18.0;
				LOCALIZATION_PREFERS_STRING_CATALOGS = YES;
				MTL_ENABLE_DEBUG_INFO = INCLUDE_SOURCE;
				MTL_FAST_MATH = YES;
				ONLY_ACTIVE_ARCH = YES;
				SDKROOT = iphoneos;
				SWIFT_ACTIVE_COMPILATION_CONDITIONS = "DEBUG $(inherited)";
				SWIFT_OPTIMIZATION_LEVEL = "-Onone";
			};
			name = Debug;
		};
		105FC59C2E9EAD3200EA8BCF /* Release */ = {
			isa = XCBuildConfiguration;
			buildSettings = {
				ALWAYS_SEARCH_USER_PATHS = NO;
				ASSETCATALOG_COMPILER_GENERATE_SWIFT_ASSET_SYMBOL_EXTENSIONS = YES;
				CLANG_ANALYZER_NONNULL = YES;
				CLANG_ANALYZER_NUMBER_OBJECT_CONVERSION = YES_AGGRESSIVE;
				CLANG_CXX_LANGUAGE_STANDARD = "gnu++20";
				CLANG_ENABLE_MODULES = YES;
				CLANG_ENABLE_OBJC_ARC = YES;
				CLANG_ENABLE_OBJC_WEAK = YES;
				CLANG_WARN_BLOCK_CAPTURE_AUTORELEASING = YES;
				CLANG_WARN_BOOL_CONVERSION = YES;
				CLANG_WARN_COMMA = YES;
				CLANG_WARN_CONSTANT_CONVERSION = YES;
				CLANG_WARN_DEPRECATED_OBJC_IMPLEMENTATIONS = YES;
				CLANG_WARN_DIRECT_OBJC_ISA_USAGE = YES_ERROR;
				CLANG_WARN_DOCUMENTATION_COMMENTS = YES;
				CLANG_WARN_EMPTY_BODY = YES;
				CLANG_WARN_ENUM_CONVERSION = YES;
				CLANG_WARN_INFINITE_RECURSION = YES;
				CLANG_WARN_INT_CONVERSION = YES;
				CLANG_WARN_NON_LITERAL_NULL_CONVERSION = YES;
				CLANG_WARN_OBJC_IMPLICIT_RETAIN_SELF = YES;
				CLANG_WARN_OBJC_LITERAL_CONVERSION = YES;
				CLANG_WARN_OBJC_ROOT_CLASS = YES_ERROR;
				CLANG_WARN_QUOTED_INCLUDE_IN_FRAMEWORK_HEADER = YES;
				CLANG_WARN_RANGE_LOOP_ANALYSIS = YES;
				CLANG_WARN_STRICT_PROTOTYPES = YES;
				CLANG_WARN_SUSPICIOUS_MOVE = YES;
				CLANG_WARN_UNGUARDED_AVAILABILITY = YES_AGGRESSIVE;
				CLANG_WARN_UNREACHABLE_CODE = YES;
				CLANG_WARN__DUPLICATE_METHOD_MATCH = YES;
				COPY_PHASE_STRIP = NO;
				DEBUG_INFORMATION_FORMAT = "dwarf-with-dsym";
				DEVELOPMENT_TEAM = "";
				ENABLE_NS_ASSERTIONS = NO;
				ENABLE_STRICT_OBJC_MSGSEND = YES;
				ENABLE_USER_SCRIPT_SANDBOXING = YES;
				GCC_C_LANGUAGE_STANDARD = gnu17;
				GCC_NO_COMMON_BLOCKS = YES;
				GCC_WARN_64_TO_32_BIT_CONVERSION = YES;
				GCC_WARN_ABOUT_RETURN_TYPE = YES_ERROR;
				GCC_WARN_UNDECLARED_SELECTOR = YES;
				GCC_WARN_UNINITIALIZED_AUTOS = YES_AGGRESSIVE;
				GCC_WARN_UNUSED_FUNCTION = YES;
				GCC_WARN_UNUSED_VARIABLE = YES;
				IPHONEOS_DEPLOYMENT_TARGET = 18.0;
				LOCALIZATION_PREFERS_STRING_CATALOGS = YES;
				MTL_ENABLE_DEBUG_INFO = NO;
				MTL_FAST_MATH = YES;
				SDKROOT = iphoneos;
				SWIFT_COMPILATION_MODE = wholemodule;
				VALIDATE_PRODUCT = YES;
			};
			name = Release;
		};
		105FC59E2E9EAD3200EA8BCF /* Debug */ = {
			isa = XCBuildConfiguration;
			buildSettings = {
				ASSETCATALOG_COMPILER_APPICON_NAME = AppIcon;
				ASSETCATALOG_COMPILER_GLOBAL_ACCENT_COLOR_NAME = AccentColor;
				CODE_SIGN_ENTITLEMENTS = Nafs/Nafs.entitlements;
				CODE_SIGN_STYLE = Automatic;
				CURRENT_PROJECT_VERSION = 101;
				DEVELOPMENT_TEAM = "";
				ENABLE_PREVIEWS = YES;
				GENERATE_INFOPLIST_FILE = YES;
				INFOPLIST_KEY_ITSAppUsesNonExemptEncryption = NO;
				INFOPLIST_KEY_LSApplicationQueriesSchemes = (
					"itms-apps",
				);
				INFOPLIST_KEY_NSCameraUsageDescription = "Nafs uses your camera for the Fajr alarm scanner to detect objects and confirm you are awake.";
				INFOPLIST_KEY_NSLocationWhenInUseUsageDescription = "Nafs uses your location only to calculate accurate prayer times for your exact city.";
				INFOPLIST_KEY_UIApplicationSceneManifest_Generation = YES;
				INFOPLIST_KEY_UIApplicationSupportsIndirectInputEvents = YES;
				INFOPLIST_KEY_UIBackgroundModes = (
					audio,
				);
				INFOPLIST_KEY_UILaunchScreen_Generation = YES;
				INFOPLIST_KEY_UISupportedInterfaceOrientations_iPad = "UIInterfaceOrientationPortrait UIInterfaceOrientationPortraitUpsideDown UIInterfaceOrientationLandscapeLeft UIInterfaceOrientationLandscapeRight";
				INFOPLIST_KEY_UISupportedInterfaceOrientations_iPhone = "UIInterfaceOrientationPortrait UIInterfaceOrientationLandscapeLeft UIInterfaceOrientationLandscapeRight";
				LD_RUNPATH_SEARCH_PATHS = (
					"$(inherited)",
					"@executable_path/Frameworks",
				);
				MARKETING_VERSION = 1.0.6;
				PRODUCT_BUNDLE_IDENTIFIER = app.rork.4lq2ucv31aityltnkks3n;
				PRODUCT_NAME = "$(TARGET_NAME)";
				STRING_CATALOG_GENERATE_SYMBOLS = YES;
				SWIFT_APPROACHABLE_CONCURRENCY = YES;
				SWIFT_DEFAULT_ACTOR_ISOLATION = MainActor;
				SWIFT_EMIT_LOC_STRINGS = YES;
				SWIFT_UPCOMING_FEATURE_MEMBER_IMPORT_VISIBILITY = YES;
				SWIFT_VERSION = 5.0;
				TARGETED_DEVICE_FAMILY = "1,2";
			};
			name = Debug;
		};
		105FC59F2E9EAD3200EA8BCF /* Release */ = {
			isa = XCBuildConfiguration;
			buildSettings = {
				ASSETCATALOG_COMPILER_APPICON_NAME = AppIcon;
				ASSETCATALOG_COMPILER_GLOBAL_ACCENT_COLOR_NAME = AccentColor;
				CODE_SIGN_ENTITLEMENTS = Nafs/Nafs.entitlements;
				CODE_SIGN_STYLE = Automatic;
				CURRENT_PROJECT_VERSION = 101;
				DEVELOPMENT_TEAM = "";
				ENABLE_PREVIEWS = YES;
				GENERATE_INFOPLIST_FILE = YES;
				INFOPLIST_KEY_ITSAppUsesNonExemptEncryption = NO;
				INFOPLIST_KEY_LSApplicationQueriesSchemes = (
					"itms-apps",
				);
				INFOPLIST_KEY_NSCameraUsageDescription = "Nafs uses your camera for the Fajr alarm scanner to detect objects and confirm you are awake.";
				INFOPLIST_KEY_NSLocationWhenInUseUsageDescription = "Nafs uses your location only to calculate accurate prayer times for your exact city.";
				INFOPLIST_KEY_UIApplicationSceneManifest_Generation = YES;
				INFOPLIST_KEY_UIApplicationSupportsIndirectInputEvents = YES;
				INFOPLIST_KEY_UIBackgroundModes = (
					audio,
				);
				INFOPLIST_KEY_UILaunchScreen_Generation = YES;
				INFOPLIST_KEY_UISupportedInterfaceOrientations_iPad = "UIInterfaceOrientationPortrait UIInterfaceOrientationPortraitUpsideDown UIInterfaceOrientationLandscapeLeft UIInterfaceOrientationLandscapeRight";
				INFOPLIST_KEY_UISupportedInterfaceOrientations_iPhone = "UIInterfaceOrientationPortrait UIInterfaceOrientationLandscapeLeft UIInterfaceOrientationLandscapeRight";
				LD_RUNPATH_SEARCH_PATHS = (
					"$(inherited)",
					"@executable_path/Frameworks",
				);
				MARKETING_VERSION = 1.0.6;
				PRODUCT_BUNDLE_IDENTIFIER = app.rork.4lq2ucv31aityltnkks3n;
				PRODUCT_NAME = "$(TARGET_NAME)";
				STRING_CATALOG_GENERATE_SYMBOLS = YES;
				SWIFT_APPROACHABLE_CONCURRENCY = YES;
				SWIFT_DEFAULT_ACTOR_ISOLATION = MainActor;
				SWIFT_EMIT_LOC_STRINGS = YES;
				SWIFT_UPCOMING_FEATURE_MEMBER_IMPORT_VISIBILITY = YES;
				SWIFT_VERSION = 5.0;
				TARGETED_DEVICE_FAMILY = "1,2";
			};
			name = Release;
		};
		105FC5A12E9EAD3200EA8BCF /* Debug */ = {
			isa = XCBuildConfiguration;
			buildSettings = {
				BUNDLE_LOADER = "$(TEST_HOST)";
				CODE_SIGN_STYLE = Automatic;
				CURRENT_PROJECT_VERSION = 101;
				DEVELOPMENT_TEAM = "";
				GENERATE_INFOPLIST_FILE = YES;
				IPHONEOS_DEPLOYMENT_TARGET = 18.0;
				MARKETING_VERSION = 1.0.6;
				PRODUCT_BUNDLE_IDENTIFIER = app.rork.4lq2ucv31aityltnkks3n.tests;
				PRODUCT_NAME = "$(TARGET_NAME)";
				STRING_CATALOG_GENERATE_SYMBOLS = NO;
				SWIFT_APPROACHABLE_CONCURRENCY = YES;
				SWIFT_EMIT_LOC_STRINGS = NO;
				SWIFT_UPCOMING_FEATURE_MEMBER_IMPORT_VISIBILITY = YES;
				SWIFT_VERSION = 5.0;
				TARGETED_DEVICE_FAMILY = "1,2";
				TEST_HOST = "$(BUILT_PRODUCTS_DIR)/Nafs.app/$(BUNDLE_EXECUTABLE_FOLDER_PATH)/Nafs";
			};
			name = Debug;
		};
		105FC5A22E9EAD3200EA8BCF /* Release */ = {
			isa = XCBuildConfiguration;
			buildSettings = {
				BUNDLE_LOADER = "$(TEST_HOST)";
				CODE_SIGN_STYLE = Automatic;
				CURRENT_PROJECT_VERSION = 101;
				DEVELOPMENT_TEAM = "";
				GENERATE_INFOPLIST_FILE = YES;
				IPHONEOS_DEPLOYMENT_TARGET = 18.0;
				MARKETING_VERSION = 1.0.6;
				PRODUCT_BUNDLE_IDENTIFIER = app.rork.4lq2ucv31aityltnkks3n.tests;
				PRODUCT_NAME = "$(TARGET_NAME)";
				STRING_CATALOG_GENERATE_SYMBOLS = NO;
				SWIFT_APPROACHABLE_CONCURRENCY = YES;
				SWIFT_EMIT_LOC_STRINGS = NO;
				SWIFT_UPCOMING_FEATURE_MEMBER_IMPORT_VISIBILITY = YES;
				SWIFT_VERSION = 5.0;
				TARGETED_DEVICE_FAMILY = "1,2";
				TEST_HOST = "$(BUILT_PRODUCTS_DIR)/Nafs.app/$(BUNDLE_EXECUTABLE_FOLDER_PATH)/Nafs";
			};
			name = Release;
		};
		105FC5A42E9EAD3200EA8BCF /* Debug */ = {
			isa = XCBuildConfiguration;
			buildSettings = {
				CODE_SIGN_STYLE = Automatic;
				CURRENT_PROJECT_VERSION = 101;
				DEVELOPMENT_TEAM = "";
				GENERATE_INFOPLIST_FILE = YES;
				MARKETING_VERSION = 1.0.6;
				PRODUCT_BUNDLE_IDENTIFIER = app.rork.4lq2ucv31aityltnkks3n.uitests;
				PRODUCT_NAME = "$(TARGET_NAME)";
				STRING_CATALOG_GENERATE_SYMBOLS = NO;
				SWIFT_APPROACHABLE_CONCURRENCY = YES;
				SWIFT_EMIT_LOC_STRINGS = NO;
				SWIFT_UPCOMING_FEATURE_MEMBER_IMPORT_VISIBILITY = YES;
				SWIFT_VERSION = 5.0;
				TARGETED_DEVICE_FAMILY = "1,2";
				TEST_TARGET_NAME = Nafs;
			};
			name = Debug;
		};
		105FC5A52E9EAD3200EA8BCF /* Release */ = {
			isa = XCBuildConfiguration;
			buildSettings = {
				CODE_SIGN_STYLE = Automatic;
				CURRENT_PROJECT_VERSION = 101;
				DEVELOPMENT_TEAM = "";
				GENERATE_INFOPLIST_FILE = YES;
				MARKETING_VERSION = 1.0.6;
				PRODUCT_BUNDLE_IDENTIFIER = app.rork.4lq2ucv31aityltnkks3n.uitests;
				PRODUCT_NAME = "$(TARGET_NAME)";
				STRING_CATALOG_GENERATE_SYMBOLS = NO;
				SWIFT_APPROACHABLE_CONCURRENCY = YES;
				SWIFT_EMIT_LOC_STRINGS = NO;
				SWIFT_UPCOMING_FEATURE_MEMBER_IMPORT_VISIBILITY = YES;
				SWIFT_VERSION = 5.0;
				TARGETED_DEVICE_FAMILY = "1,2";
				TEST_TARGET_NAME = Nafs;
			};
			name = Release;
		};
		XX108961D4C1B85CB1212EXX /* Debug */ = {
			isa = XCBuildConfiguration;
			buildSettings = {
				CODE_SIGN_ENTITLEMENTS = NafsShieldAction/NafsShieldAction.entitlements;
				CODE_SIGN_STYLE = Automatic;
				CURRENT_PROJECT_VERSION = 101;
				GENERATE_INFOPLIST_FILE = YES;
				INFOPLIST_FILE = NafsShieldAction/Info.plist;
				INFOPLIST_KEY_CFBundleDisplayName = "$(PRODUCT_NAME)";
				IPHONEOS_DEPLOYMENT_TARGET = 18.0;
				LD_RUNPATH_SEARCH_PATHS = "$(inherited) @executable_path/Frameworks @executable_path/../../Frameworks";
				MARKETING_VERSION = 1.0.6;
				PRODUCT_BUNDLE_IDENTIFIER = app.rork.4lq2ucv31aityltnkks3n.nafsshieldaction;
				PRODUCT_NAME = NafsShieldAction;
				SDKROOT = iphoneos;
				SKIP_INSTALL = YES;
				SUPPORTED_PLATFORMS = "iphoneos iphonesimulator";
				SWIFT_DEFAULT_ACTOR_ISOLATION = MainActor;
				SWIFT_EMIT_LOC_STRINGS = YES;
				SWIFT_VERSION = 5.0;
			};
			name = Debug;
		};
		XX76C5E012B0C4C75A09D4XX /* Debug */ = {
			isa = XCBuildConfiguration;
			buildSettings = {
				PRODUCT_BUNDLE_IDENTIFIER = app.rork.4lq2ucv31aityltnkks3n.nafswidgets;
				PRODUCT_NAME = NafsWidgets;
				SWIFT_VERSION = 5.0;
				SDKROOT = iphoneos;
				IPHONEOS_DEPLOYMENT_TARGET = 18.0;
				SUPPORTED_PLATFORMS = "iphoneos iphonesimulator";
				GENERATE_INFOPLIST_FILE = YES;
				INFOPLIST_FILE = NafsWidgets/Info.plist;
				SWIFT_DEFAULT_ACTOR_ISOLATION = MainActor;
				SKIP_INSTALL = YES;
				SWIFT_EMIT_LOC_STRINGS = YES;
				CODE_SIGN_STYLE = Automatic;
				CURRENT_PROJECT_VERSION = 101;
				MARKETING_VERSION = 1.0;
				LD_RUNPATH_SEARCH_PATHS = "$(inherited) @executable_path/Frameworks @executable_path/../../Frameworks";
				INFOPLIST_KEY_CFBundleDisplayName = "$(PRODUCT_NAME)";
			};
			name = Debug;
		};
		XX909051CFA0D0321AADBDXX /* Release */ = {
			isa = XCBuildConfiguration;
			buildSettings = {
				PRODUCT_BUNDLE_IDENTIFIER = app.rork.4lq2ucv31aityltnkks3n.nafswidgets;
				PRODUCT_NAME = NafsWidgets;
				SWIFT_VERSION = 5.0;
				SDKROOT = iphoneos;
				IPHONEOS_DEPLOYMENT_TARGET = 18.0;
				SUPPORTED_PLATFORMS = "iphoneos iphonesimulator";
				GENERATE_INFOPLIST_FILE = YES;
				INFOPLIST_FILE = NafsWidgets/Info.plist;
				SWIFT_DEFAULT_ACTOR_ISOLATION = MainActor;
				SKIP_INSTALL = YES;
				SWIFT_EMIT_LOC_STRINGS = YES;
				CODE_SIGN_STYLE = Automatic;
				CURRENT_PROJECT_VERSION = 101;
				MARKETING_VERSION = 1.0;
				LD_RUNPATH_SEARCH_PATHS = "$(inherited) @executable_path/Frameworks @executable_path/../../Frameworks";
				INFOPLIST_KEY_CFBundleDisplayName = "$(PRODUCT_NAME)";
			};
			name = Release;
		};
		XXA5D17C101B51F89B9591XX /* Debug */ = {
			isa = XCBuildConfiguration;
			buildSettings = {
				CODE_SIGN_ENTITLEMENTS = NafsShieldConfiguration/NafsShieldConfiguration.entitlements;
				CODE_SIGN_STYLE = Automatic;
				CURRENT_PROJECT_VERSION = 101;
				GENERATE_INFOPLIST_FILE = YES;
				INFOPLIST_FILE = NafsShieldConfiguration/Info.plist;
				INFOPLIST_KEY_CFBundleDisplayName = "$(PRODUCT_NAME)";
				IPHONEOS_DEPLOYMENT_TARGET = 18.0;
				LD_RUNPATH_SEARCH_PATHS = "$(inherited) @executable_path/Frameworks @executable_path/../../Frameworks";
				MARKETING_VERSION = 1.0.6;
				PRODUCT_BUNDLE_IDENTIFIER = app.rork.4lq2ucv31aityltnkks3n.nafsshieldconfiguration;
				PRODUCT_NAME = NafsShieldConfiguration;
				SDKROOT = iphoneos;
				SKIP_INSTALL = YES;
				SUPPORTED_PLATFORMS = "iphoneos iphonesimulator";
				SWIFT_DEFAULT_ACTOR_ISOLATION = MainActor;
				SWIFT_EMIT_LOC_STRINGS = YES;
				SWIFT_VERSION = 5.0;
			};
			name = Debug;
		};
		XXA60181E7F17AF4130F8AXX /* Release */ = {
			isa = XCBuildConfiguration;
			buildSettings = {
				CODE_SIGN_ENTITLEMENTS = NafsShieldAction/NafsShieldAction.entitlements;
				CODE_SIGN_STYLE = Automatic;
				CURRENT_PROJECT_VERSION = 101;
				GENERATE_INFOPLIST_FILE = YES;
				INFOPLIST_FILE = NafsShieldAction/Info.plist;
				INFOPLIST_KEY_CFBundleDisplayName = "$(PRODUCT_NAME)";
				IPHONEOS_DEPLOYMENT_TARGET = 18.0;
				LD_RUNPATH_SEARCH_PATHS = "$(inherited) @executable_path/Frameworks @executable_path/../../Frameworks";
				MARKETING_VERSION = 1.0.6;
				PRODUCT_BUNDLE_IDENTIFIER = app.rork.4lq2ucv31aityltnkks3n.nafsshieldaction;
				PRODUCT_NAME = NafsShieldAction;
				SDKROOT = iphoneos;
				SKIP_INSTALL = YES;
				SUPPORTED_PLATFORMS = "iphoneos iphonesimulator";
				SWIFT_DEFAULT_ACTOR_ISOLATION = MainActor;
				SWIFT_EMIT_LOC_STRINGS = YES;
				SWIFT_VERSION = 5.0;
			};
			name = Release;
		};
		XXAM0000000000000012XX /* Debug */ = {
			isa = XCBuildConfiguration;
			buildSettings = {
				CODE_SIGN_ENTITLEMENTS = NafsActivityMonitor/NafsActivityMonitor.entitlements;
				CODE_SIGN_STYLE = Automatic;
				CURRENT_PROJECT_VERSION = 101;
				GENERATE_INFOPLIST_FILE = YES;
				INFOPLIST_FILE = NafsActivityMonitor/Info.plist;
				INFOPLIST_KEY_CFBundleDisplayName = "$(PRODUCT_NAME)";
				IPHONEOS_DEPLOYMENT_TARGET = 18.0;
				LD_RUNPATH_SEARCH_PATHS = "$(inherited) @executable_path/Frameworks @executable_path/../../Frameworks";
				MARKETING_VERSION = 1.0.6;
				PRODUCT_BUNDLE_IDENTIFIER = app.rork.4lq2ucv31aityltnkks3n.nafsactivitymonitor;
				PRODUCT_NAME = NafsActivityMonitor;
				SDKROOT = iphoneos;
				SKIP_INSTALL = YES;
				SUPPORTED_PLATFORMS = "iphoneos iphonesimulator";
				SWIFT_DEFAULT_ACTOR_ISOLATION = MainActor;
				SWIFT_EMIT_LOC_STRINGS = YES;
				SWIFT_VERSION = 5.0;
			};
			name = Debug;
		};
		XXAM0000000000000013XX /* Release */ = {
			isa = XCBuildConfiguration;
			buildSettings = {
				CODE_SIGN_ENTITLEMENTS = NafsActivityMonitor/NafsActivityMonitor.entitlements;
				CODE_SIGN_STYLE = Automatic;
				CURRENT_PROJECT_VERSION = 101;
				GENERATE_INFOPLIST_FILE = YES;
				INFOPLIST_FILE = NafsActivityMonitor/Info.plist;
				INFOPLIST_KEY_CFBundleDisplayName = "$(PRODUCT_NAME)";
				IPHONEOS_DEPLOYMENT_TARGET = 18.0;
				LD_RUNPATH_SEARCH_PATHS = "$(inherited) @executable_path/Frameworks @executable_path/../../Frameworks";
				MARKETING_VERSION = 1.0.6;
				PRODUCT_BUNDLE_IDENTIFIER = app.rork.4lq2ucv31aityltnkks3n.nafsactivitymonitor;
				PRODUCT_NAME = NafsActivityMonitor;
				SDKROOT = iphoneos;
				SKIP_INSTALL = YES;
				SUPPORTED_PLATFORMS = "iphoneos iphonesimulator";
				SWIFT_DEFAULT_ACTOR_ISOLATION = MainActor;
				SWIFT_EMIT_LOC_STRINGS = YES;
				SWIFT_VERSION = 5.0;
			};
			name = Release;
		};
		XXD6E044DA98E9659986CBXX /* Release */ = {
			isa = XCBuildConfiguration;
			buildSettings = {
				CODE_SIGN_ENTITLEMENTS = NafsShieldConfiguration/NafsShieldConfiguration.entitlements;
				CODE_SIGN_STYLE = Automatic;
				CURRENT_PROJECT_VERSION = 101;
				GENERATE_INFOPLIST_FILE = YES;
				INFOPLIST_FILE = NafsShieldConfiguration/Info.plist;
				INFOPLIST_KEY_CFBundleDisplayName = "$(PRODUCT_NAME)";
				IPHONEOS_DEPLOYMENT_TARGET = 18.0;
				LD_RUNPATH_SEARCH_PATHS = "$(inherited) @executable_path/Frameworks @executable_path/../../Frameworks";
				MARKETING_VERSION = 1.0.6;
				PRODUCT_BUNDLE_IDENTIFIER = app.rork.4lq2ucv31aityltnkks3n.nafsshieldconfiguration;
				PRODUCT_NAME = NafsShieldConfiguration;
				SDKROOT = iphoneos;
				SKIP_INSTALL = YES;
				SUPPORTED_PLATFORMS = "iphoneos iphonesimulator";
				SWIFT_DEFAULT_ACTOR_ISOLATION = MainActor;
				SWIFT_EMIT_LOC_STRINGS = YES;
				SWIFT_VERSION = 5.0;
			};
			name = Release;
		};
/* End XCBuildConfiguration section */

/* Begin XCConfigurationList section */
		105FC5752E9EAD3100EA8BCF /* Build configuration list for PBXProject "Nafs" */ = {
			isa = XCConfigurationList;
			buildConfigurations = (
				105FC59B2E9EAD3200EA8BCF /* Debug */,
				105FC59C2E9EAD3200EA8BCF /* Release */,
			);
			defaultConfigurationIsVisible = 0;
			defaultConfigurationName = Release;
		};
		105FC59D2E9EAD3200EA8BCF /* Build configuration list for PBXNativeTarget "Nafs" */ = {
			isa = XCConfigurationList;
			buildConfigurations = (
				105FC59E2E9EAD3200EA8BCF /* Debug */,
				105FC59F2E9EAD3200EA8BCF /* Release */,
			);
			defaultConfigurationIsVisible = 0;
			defaultConfigurationName = Release;
		};
		105FC5A02E9EAD3200EA8BCF /* Build configuration list for PBXNativeTarget "NafsTests" */ = {
			isa = XCConfigurationList;
			buildConfigurations = (
				105FC5A12E9EAD3200EA8BCF /* Debug */,
				105FC5A22E9EAD3200EA8BCF /* Release */,
			);
			defaultConfigurationIsVisible = 0;
			defaultConfigurationName = Release;
		};
		105FC5A32E9EAD3200EA8BCF /* Build configuration list for PBXNativeTarget "NafsUITests" */ = {
			isa = XCConfigurationList;
			buildConfigurations = (
				105FC5A42E9EAD3200EA8BCF /* Debug */,
				105FC5A52E9EAD3200EA8BCF /* Release */,
			);
			defaultConfigurationIsVisible = 0;
			defaultConfigurationName = Release;
		};
		XX05AF3E616724D152FC0FXX /* Build configuration list for PBXNativeTarget "NafsShieldConfiguration" */ = {
			isa = XCConfigurationList;
			buildConfigurations = (
				XXA5D17C101B51F89B9591XX /* Debug */,
				XXD6E044DA98E9659986CBXX /* Release */,
			);
			defaultConfigurationIsVisible = 0;
			defaultConfigurationName = Release;
		};
		XX2271C90D102575CDACFEXX /* Build configuration list for PBXNativeTarget "NafsWidgets" */ = {
			isa = XCConfigurationList;
			buildConfigurations = (
				XX76C5E012B0C4C75A09D4XX /* Debug */,
				XX909051CFA0D0321AADBDXX /* Release */,
			);
			defaultConfigurationIsVisible = 0;
			defaultConfigurationName = Release;
		};
		XX8314207E90E64ED47350XX /* Build configuration list for PBXNativeTarget "NafsShieldAction" */ = {
			isa = XCConfigurationList;
			buildConfigurations = (
				XX108961D4C1B85CB1212EXX /* Debug */,
				XXA60181E7F17AF4130F8AXX /* Release */,
			);
			defaultConfigurationIsVisible = 0;
			defaultConfigurationName = Release;
		};
		XXAM0000000000000011XX /* Build configuration list for PBXNativeTarget "NafsActivityMonitor" */ = {
			isa = XCConfigurationList;
			buildConfigurations = (
				XXAM0000000000000012XX /* Debug */,
				XXAM0000000000000013XX /* Release */,
			);
			defaultConfigurationIsVisible = 0;
			defaultConfigurationName = Release;
		};
/* End XCConfigurationList section */

/* Begin XCRemoteSwiftPackageReference section */
		XX2501D0111A0CC960D1BAXX /* XCRemoteSwiftPackageReference "adhan-swift" */ = {
			isa = XCRemoteSwiftPackageReference;
			repositoryURL = "https://github.com/batoulapps/adhan-swift.git";
			requirement = {
				kind = upToNextMajorVersion;
				minimumVersion = 1.4.0;
			};
		};
		XX4AC81916604C4344ADC0XX /* XCRemoteSwiftPackageReference "purchases-ios-spm" */ = {
			isa = XCRemoteSwiftPackageReference;
			repositoryURL = "https://github.com/RevenueCat/purchases-ios-spm.git";
			requirement = {
				kind = upToNextMajorVersion;
				minimumVersion = 5.0.0;
			};
		};
/* End XCRemoteSwiftPackageReference section */

/* Begin XCSwiftPackageProductDependency section */
		XX129F0BB64B8AEA702EFBXX /* Adhan */ = {
			isa = XCSwiftPackageProductDependency;
			package = XX2501D0111A0CC960D1BAXX /* XCRemoteSwiftPackageReference "adhan-swift" */;
			productName = Adhan;
		};
		XXDCC169DE7B2F3C1C8B10XX /* RevenueCat */ = {
			isa = XCSwiftPackageProductDependency;
			package = XX4AC81916604C4344ADC0XX /* XCRemoteSwiftPackageReference "purchases-ios-spm" */;
			productName = RevenueCat;
		};
/* End XCSwiftPackageProductDependency section */
	};
	rootObject = 105FC5722E9EAD3100EA8BCF /* Project object */;
}
